
Microsoft Visual Studio Solution File, Format Version 12.00
# Visual Studio Version 16
VisualStudioVersion = 16.0.29306.81
MinimumVisualStudioVersion = 10.0.40219.1
Project("{FAE04EC0-301F-11D3-BF4B-00C04F79EFBC}") = "Entity", "Entity\Entity.csproj", "{5450A4AD-B23D-46FC-AE49-B897AF90AAA8}"
EndProject
Project("{FAE04EC0-301F-11D3-BF4B-00C04F79EFBC}") = "Interfaces", "Interfaces\Interfaces.csproj", "{86366C7C-DDF5-4301-B7A5-FFE667A20B63}"
EndProject
Project("{FAE04EC0-301F-11D3-BF4B-00C04F79EFBC}") = "Repository", "Repository\Repository.csproj", "{7CD35018-5190-462D-B967-9422A2818B78}"
EndProject
Project("{FAE04EC0-301F-11D3-BF4B-00C04F79EFBC}") = "App", "App\App.csproj", "{E2764AF7-A3BD-4967-AFFB-7DCBAAD04D11}"
EndProject
Global
	GlobalSection(SolutionConfigurationPlatforms) = preSolution
		Debug|Any CPU = Debug|Any CPU
		Release|Any CPU = Release|Any CPU
	EndGlobalSection
	GlobalSection(ProjectConfigurationPlatforms) = postSolution
		{5450A4AD-B23D-46FC-AE49-B897AF90AAA8}.Debug|Any CPU.ActiveCfg = Debug|Any CPU
		{5450A4AD-B23D-46FC-AE49-B897AF90AAA8}.Debug|Any CPU.Build.0 = Debug|Any CPU
		{5450A4AD-B23D-46FC-AE49-B897AF90AAA8}.Release|Any CPU.ActiveCfg = Release|Any CPU
		{5450A4AD-B23D-46FC-AE49-B897AF90AAA8}.Release|Any CPU.Build.0 = Release|Any CPU
		{86366C7C-DDF5-4301-B7A5-FFE667A20B63}.Debug|Any CPU.ActiveCfg = Debug|Any CPU
		{86366C7C-DDF5-4301-B7A5-FFE667A20B63}.Debug|Any CPU.Build.0 = Debug|Any CPU
		{86366C7C-DDF5-4301-B7A5-FFE667A20B63}.Release|Any CPU.ActiveCfg = Release|Any CPU
		{86366C7C-DDF5-4301-B7A5-FFE667A20B63}.Release|Any CPU.Build.0 = Release|Any CPU
		{7CD35018-5190-462D-B967-9422A2818B78}.Debug|Any CPU.ActiveCfg = Debug|Any CPU
		{7CD35018-5190-462D-B967-9422A2818B78}.Debug|Any CPU.Build.0 = Debug|Any CPU
		{7CD35018-5190-462D-B967-9422A2818B78}.Release|Any CPU.ActiveCfg = Release|Any CPU
		{7CD35018-5190-462D-B967-9422A2818B78}.Release|Any CPU.Build.0 = Release|Any CPU
		{E2764AF7-A3BD-4967-AFFB-7DCBAAD04D11}.Debug|Any CPU.ActiveCfg = Debug|Any CPU
		{E2764AF7-A3BD-4967-AFFB-7DCBAAD04D11}.Debug|Any CPU.Build.0 = Debug|Any CPU
		{E2764AF7-A3BD-4967-AFFB-7DCBAAD04D11}.Release|Any CPU.ActiveCfg = Release|Any CPU
		{E2764AF7-A3BD-4967-AFFB-7DCBAAD04D11}.Release|Any CPU.Build.0 = Release|Any CPU
	EndGlobalSection
	GlobalSection(SolutionProperties) = preSolution
		HideSolutionNode = FALSE
	EndGlobalSection
	GlobalSection(ExtensibilityGlobals) = postSolution
		SolutionGuid = {5D4CA823-0CC5-4F49-8504-9DE07D6F1FF1}
	EndGlobalSection
EndGlobal
